// !$*UTF8*$!
{
	archiveVersion = 1;
	classes = {
	};
	objectVersion = 46;
	objects = {

/* Begin PBXBuildFile section */
		153BB7A715A7CFF5008F5C06 /* UIKit.framework in Frameworks */ = {isa = PBXBuildFile; fileRef = 153BB7A615A7CFF5008F5C06 /* UIKit.framework */; };
		153BB7A915A7CFF5008F5C06 /* Foundation.framework in Frameworks */ = {isa = PBXBuildFile; fileRef = 153BB7A815A7CFF5008F5C06 /* Foundation.framework */; };
		153BB7AB15A7CFF5008F5C06 /* CoreGraphics.framework in Frameworks */ = {isa = PBXBuildFile; fileRef = 153BB7AA15A7CFF5008F5C06 /* CoreGraphics.framework */; };
		153BB7B115A7CFF5008F5C06 /* InfoPlist.strings in Resources */ = {isa = PBXBuildFile; fileRef = 153BB7AF15A7CFF5008F5C06 /* InfoPlist.strings */; };
		153BB7B315A7CFF5008F5C06 /* main.m in Sources */ = {isa = PBXBuildFile; fileRef = 153BB7B215A7CFF5008F5C06 /* main.m */; };
		153BB7B715A7CFF5008F5C06 /* BuscaASMAppDelegate.m in Sources */ = {isa = PBXBuildFile; fileRef = 153BB7B615A7CFF5008F5C06 /* BuscaASMAppDelegate.m */; };
		153BB7BA15A7CFF5008F5C06 /* MainStoryboard.storyboard in Resources */ = {isa = PBXBuildFile; fileRef = 153BB7B815A7CFF5008F5C06 /* MainStoryboard.storyboard */; };
		153BB7BD15A7CFF5008F5C06 /* BuscaASMViewController.m in Sources */ = {isa = PBXBuildFile; fileRef = 153BB7BC15A7CFF5008F5C06 /* BuscaASMViewController.m */; };
/* End PBXBuildFile section */

/* Begin PBXFileReference section */
		153BB7A215A7CFF5008F5C06 /* BuscaASM.app */ = {isa = PBXFileReference; explicitFileType = wrapper.application; includeInIndex = 0; path = BuscaASM.app; sourceTree = BUILT_PRODUCTS_DIR; };
		153BB7A615A7CFF5008F5C06 /* UIKit.framework */ = {isa = PBXFileReference; lastKnownFileType = wrapper.framework; name = UIKit.framework; path = System/Library/Frameworks/UIKit.framework; sourceTree = SDKROOT; };
		153BB7A815A7CFF5008F5C06 /* Foundation.framework */ = {isa = PBXFileReference; lastKnownFileType = wrapper.framework; name = Foundation.framework; path = System/Library/Frameworks/Foundation.framework; sourceTree = SDKROOT; };
		153BB7AA15A7CFF5008F5C06 /* CoreGraphics.framework */ = {isa = PBXFileReference; lastKnownFileType = wrapper.framework; name = CoreGraphics.framework; path = System/Library/Frameworks/CoreGraphics.framework; sourceTree = SDKROOT; };
		153BB7AE15A7CFF5008F5C06 /* BuscaASM-Info.plist */ = {isa = PBXFileReference; path = "BuscaASM-Info.plist"; sourceTree = "<group>"; };
		153BB7B015A7CFF5008F5C06 /* en */ = {isa = PBXFileReference; lastKnownFileType = text.plist.strings; name = en; path = en.lproj/InfoPlist.strings; sourceTree = "<group>"; };
		153BB7B215A7CFF5008F5C06 /* main.m */ = {isa = PBXFileReference; lastKnownFileType = sourcecode.c.objc; path = main.m; sourceTree = "<group>"; };
		153BB7B415A7CFF5008F5C06 /* BuscaASM-Prefix.pch */ = {isa = PBXFileReference; path = "BuscaASM-Prefix.pch"; sourceTree = "<group>"; };
		153BB7B515A7CFF5008F5C06 /* BuscaASMAppDelegate.h */ = {isa = PBXFileReference; path = BuscaASMAppDelegate.h; sourceTree = "<group>"; };
		153BB7B615A7CFF5008F5C06 /* BuscaASMAppDelegate.m */ = {isa = PBXFileReference; lastKnownFileType = sourcecode.c.objc; path = BuscaASMAppDelegate.m; sourceTree = "<group>"; };
		153BB7B915A7CFF5008F5C06 /* en */ = {isa = PBXFileReference; lastKnownFileType = file.storyboard; name = en; path = en.lproj/MainStoryboard.storyboard; sourceTree = "<group>"; };
		153BB7BB15A7CFF5008F5C06 /* BuscaASMViewController.h */ = {isa = PBXFileReference; path = BuscaASMViewController.h; sourceTree = "<group>"; };
		153BB7BC15A7CFF5008F5C06 /* BuscaASMViewController.m */ = {isa = PBXFileReference; lastKnownFileType = sourcecode.c.objc; path = BuscaASMViewController.m; sourceTree = "<group>"; };
/* End PBXFileReference section */

/* Begin PBXFrameworksBuildPhase section */
		153BB79F15A7CFF5008F5C06 /* Frameworks */ = {
			isa = PBXFrameworksBuildPhase;
			buildActionMask = 2147483647;
			files = (
				153BB7A715A7CFF5008F5C06 /* UIKit.framework in Frameworks */,
				153BB7A915A7CFF5008F5C06 /* Foundation.framework in Frameworks */,
				153BB7AB15A7CFF5008F5C06 /* CoreGraphics.framework in Frameworks */,
			);
			runOnlyForDeploymentPostprocessing = 0;
		};
/* End PBXFrameworksBuildPhase section */

/* Begin PBXGroup section */
		153BB79715A7CFF4008F5C06 = {
			isa = PBXGroup;
			children = (
				153BB7AC15A7CFF5008F5C06 /* BuscaASM */,
				153BB7A515A7CFF5008F5C06 /* Frameworks */,
				153BB7A315A7CFF5008F5C06 /* Products */,
			);
			sourceTree = "<group>";
		};
		153BB7A315A7CFF5008F5C06 /* Products */ = {
			isa = PBXGroup;
			children = (
				153BB7A215A7CFF5008F5C06 /* BuscaASM.app */,
			);
			name = Products;
			sourceTree = "<group>";
		};
		153BB7A515A7CFF5008F5C06 /* Frameworks */ = {
			isa = PBXGroup;
			children = (
				153BB7A615A7CFF5008F5C06 /* UIKit.framework */,
				153BB7A815A7CFF5008F5C06 /* Foundation.framework */,
				153BB7AA15A7CFF5008F5C06 /* CoreGraphics.framework */,
			);
			name = Frameworks;
			sourceTree = "<group>";
		};
		153BB7AC15A7CFF5008F5C06 /* BuscaASM */ = {
			isa = PBXGroup;
			children = (
				153BB7B515A7CFF5008F5C06 /* BuscaASMAppDelegate.h */,
				153BB7B615A7CFF5008F5C06 /* BuscaASMAppDelegate.m */,
				153BB7B815A7CFF5008F5C06 /* MainStoryboard.storyboard */,
				153BB7BB15A7CFF5008F5C06 /* BuscaASMViewController.h */,
				153BB7BC15A7CFF5008F5C06 /* BuscaASMViewController.m */,
				153BB7AD15A7CFF5008F5C06 /* Supporting Files */,
			);
			path = BuscaASM;
			sourceTree = "<group>";
		};
		153BB7AD15A7CFF5008F5C06 /* Supporting Files */ = {
			isa = PBXGroup;
			children = (
				153BB7AE15A7CFF5008F5C06 /* BuscaASM-Info.plist */,
				153BB7AF15A7CFF5008F5C06 /* InfoPlist.strings */,
				153BB7B215A7CFF5008F5C06 /* main.m */,
				153BB7B415A7CFF5008F5C06 /* BuscaASM-Prefix.pch */,
			);
			name = "Supporting Files";
			sourceTree = "<group>";
		};
/* End PBXGroup section */

/* Begin PBXNativeTarget section */
		153BB7A115A7CFF5008F5C06 /* BuscaASM */ = {
			isa = PBXNativeTarget;
			buildConfigurationList = 153BB7C015A7CFF5008F5C06 /* Build configuration list for PBXNativeTarget "BuscaASM" */;
			buildPhases = (
				153BB79E15A7CFF5008F5C06 /* Sources */,
				153BB79F15A7CFF5008F5C06 /* Frameworks */,
				153BB7A015A7CFF5008F5C06 /* Resources */,
			);
			buildRules = (
			);
			dependencies = (
			);
			name = BuscaASM;
			productName = BuscaASM;
			productReference = 153BB7A215A7CFF5008F5C06 /* BuscaASM.app */;
			productType = "com.apple.product-type.application";
		};
/* End PBXNativeTarget section */

/* Begin PBXProject section */
		153BB79915A7CFF4008F5C06 /* Project object */ = {
			isa = PBXProject;
			attributes = {
				CLASSPREFIX = BuscaASM;
				LastUpgradeCheck = 0430;
			};
			buildConfigurationList = 153BB79C15A7CFF4008F5C06 /* Build configuration list for PBXProject "BuscaASM" */;
			compatibilityVersion = "Xcode 3.2";
			developmentRegion = English;
			hasScannedForEncodings = 0;
			knownRegions = (
				en,
			);
			mainGroup = 153BB79715A7CFF4008F5C06;
			productRefGroup = 153BB7A315A7CFF5008F5C06 /* Products */;
			projectDirPath = "";
			projectRoot = "";
			targets = (
				153BB7A115A7CFF5008F5C06 /* BuscaASM */,
			);
		};
/* End PBXProject section */

/* Begin PBXResourcesBuildPhase section */
		153BB7A015A7CFF5008F5C06 /* Resources */ = {
			isa = PBXResourcesBuildPhase;
			buildActionMask = 2147483647;
			files = (
				153BB7B115A7CFF5008F5C06 /* InfoPlist.strings in Resources */,
				153BB7BA15A7CFF5008F5C06 /* MainStoryboard.storyboard in Resources */,
			);
			runOnlyForDeploymentPostprocessing = 0;
		};
/* End PBXResourcesBuildPhase section */

/* Begin PBXSourcesBuildPhase section */
		153BB79E15A7CFF5008F5C06 /* Sources */ = {
			isa = PBXSourcesBuildPhase;
			buildActionMask = 2147483647;
			files = (
				153BB7B315A7CFF5008F5C06 /* main.m in Sources */,
				153BB7B715A7CFF5008F5C06 /* BuscaASMAppDelegate.m in Sources */,
				153BB7BD15A7CFF5008F5C06 /* BuscaASMViewController.m in Sources */,
			);
			runOnlyForDeploymentPostprocessing = 0;
		};
/* End PBXSourcesBuildPhase section */

/* Begin PBXVariantGroup section */
		153BB7AF15A7CFF5008F5C06 /* InfoPlist.strings */ = {
			isa = PBXVariantGroup;
			children = (
				153BB7B015A7CFF5008F5C06 /* en */,
			);
			name = InfoPlist.strings;
			sourceTree = "<group>";
		};
		153BB7B815A7CFF5008F5C06 /* MainStoryboard.storyboard */ = {
			isa = PBXVariantGroup;
			children = (
				153BB7B915A7CFF5008F5C06 /* en */,
			);
			name = MainStoryboard.storyboard;
			sourceTree = "<group>";
		};
/* End PBXVariantGroup section */

/* Begin XCBuildConfiguration section */
		153BB7BE15A7CFF5008F5C06 /* Debug */ = {
			isa = XCBuildConfiguration;
			buildSettings = {
				ALWAYS_SEARCH_USER_PATHS = NO;
				ARCHS = "$(ARCHS_STANDARD_32_BIT)";
				CLANG_ENABLE_OBJC_ARC = YES;
				"CODE_SIGN_IDENTITY[sdk=iphoneos*]" = "iPhone Developer";
				COPY_PHASE_STRIP = NO;
				GCC_C_LANGUAGE_STANDARD = gnu99;
				GCC_DYNAMIC_NO_PIC = NO;
				GCC_OPTIMIZATION_LEVEL = 0;
				GCC_PREPROCESSOR_DEFINITIONS = (
					"DEBUG=1",
					"$(inherited)",
				);
				GCC_SYMBOLS_PRIVATE_EXTERN = NO;
				GCC_VERSION = com.apple.compilers.llvm.clang.1_0;
				GCC_WARN_ABOUT_RETURN_TYPE = YES;
				GCC_WARN_UNINITIALIZED_AUTOS = YES;
				GCC_WARN_UNUSED_VARIABLE = YES;
				IPHONEOS_DEPLOYMENT_TARGET = 5.1;
				SDKROOT = iphoneos;
			};
			name = Debug;
		};
		153BB7BF15A7CFF5008F5C06 /* Release */ = {
			isa = XCBuildConfiguration;
			buildSettings = {
				ALWAYS_SEARCH_USER_PATHS = NO;
				ARCHS = "$(ARCHS_STANDARD_32_BIT)";
				CLANG_ENABLE_OBJC_ARC = YES;
				"CODE_SIGN_IDENTITY[sdk=iphoneos*]" = "iPhone Developer";
				COPY_PHASE_STRIP = YES;
				GCC_C_LANGUAGE_STANDARD = gnu99;
				GCC_VERSION = com.apple.compilers.llvm.clang.1_0;
				GCC_WARN_ABOUT_RETURN_TYPE = YES;
				GCC_WARN_UNINITIALIZED_AUTOS = YES;
				GCC_WARN_UNUSED_VARIABLE = YES;
				IPHONEOS_DEPLOYMENT_TARGET = 5.1;
				OTHER_CFLAGS = "-DNS_BLOCK_ASSERTIONS=1";
				SDKROOT = iphoneos;
				VALIDATE_PRODUCT = YES;
			};
			name = Release;
		};
		153BB7C115A7CFF5008F5C06 /* Debug */ = {
			isa = XCBuildConfiguration;
			buildSettings = {
				GCC_PRECOMPILE_PREFIX_HEADER = YES;
				GCC_PREFIX_HEADER = "BuscaASM/BuscaASM-Prefix.pch";
				INFOPLIST_FILE = "BuscaASM/BuscaASM-Info.plist";
				PRODUCT_NAME = "$(TARGET_NAME)";
				WRAPPER_EXTENSION = app;
			};
			name = Debug;
		};
		153BB7C215A7CFF5008F5C06 /* Release */ = {
			isa = XCBuildConfiguration;
			buildSettings = {
				GCC_PRECOMPILE_PREFIX_HEADER = YES;
				GCC_PREFIX_HEADER = "BuscaASM/BuscaASM-Prefix.pch";
				INFOPLIST_FILE = "BuscaASM/BuscaASM-Info.plist";
				PRODUCT_NAME = "$(TARGET_NAME)";
				WRAPPER_EXTENSION = app;
			};
			name = Release;
		};
/* End XCBuildConfiguration section */

/* Begin XCConfigurationList section */
		153BB79C15A7CFF4008F5C06 /* Build configuration list for PBXProject "BuscaASM" */ = {
			isa = XCConfigurationList;
			buildConfigurations = (
				153BB7BE15A7CFF5008F5C06 /* Debug */,
				153BB7BF15A7CFF5008F5C06 /* Release */,
			);
			defaultConfigurationIsVisible = 0;
			defaultConfigurationName = Release;
		};
		153BB7C015A7CFF5008F5C06 /* Build configuration list for PBXNativeTarget "BuscaASM" */ = {
			isa = XCConfigurationList;
			buildConfigurations = (
				153BB7C115A7CFF5008F5C06 /* Debug */,
				153BB7C215A7CFF5008F5C06 /* Release */,
			);
			defaultConfigurationIsVisible = 0;
		};
/* End XCConfigurationList section */
	};
	rootObject = 153BB79915A7CFF4008F5C06 /* Project object */;
}
